// !$*UTF8*$!
{
	archiveVersion = 1;
	classes = {
	};
	objectVersion = 46;
	objects = {

/* Begin PBXBuildFile section */
		6CC65C5D1991E7B6002DACD8 /* AppDelegate.swift in Sources */ = {isa = PBXBuildFile; fileRef = 6CC65C5C1991E7B6002DACD8 /* AppDelegate.swift */; };
		6CC65C5F1991E7B6002DACD8 /* ViewController.swift in Sources */ = {isa = PBXBuildFile; fileRef = 6CC65C5E1991E7B6002DACD8 /* ViewController.swift */; };
		6CC65C621991E7B6002DACD8 /* Main.storyboard in Resources */ = {isa = PBXBuildFile; fileRef = 6CC65C601991E7B6002DACD8 /* Main.storyboard */; };
		6CC65C641991E7B6002DACD8 /* Images.xcassets in Resources */ = {isa = PBXBuildFile; fileRef = 6CC65C631991E7B6002DACD8 /* Images.xcassets */; };
		6CC65C701991E7B6002DACD8 /* assignment_01Tests.swift in Sources */ = {isa = PBXBuildFile; fileRef = 6CC65C6F1991E7B6002DACD8 /* assignment_01Tests.swift */; };
		6CC65C7A1991F418002DACD8 /* OtherViewController.swift in Sources */ = {isa = PBXBuildFile; fileRef = 6CC65C791991F418002DACD8 /* OtherViewController.swift */; };
/* End PBXBuildFile section */

/* Begin PBXContainerItemProxy section */
		6CC65C6A1991E7B6002DACD8 /* PBXContainerItemProxy */ = {
			isa = PBXContainerItemProxy;
			containerPortal = 6CC65C4F1991E7B6002DACD8 /* Project object */;
			proxyType = 1;
			remoteGlobalIDString = 6CC65C561991E7B6002DACD8;
			remoteInfo = assignment_01;
		};
/* End PBXContainerItemProxy section */

/* Begin PBXFileReference section */
		6CC65C571991E7B6002DACD8 /* assignment_01.app */ = {isa = PBXFileReference; explicitFileType = wrapper.application; includeInIndex = 0; path = assignment_01.app; sourceTree = BUILT_PRODUCTS_DIR; };
		6CC65C5B1991E7B6002DACD8 /* Info.plist */ = {isa = PBXFileReference; lastKnownFileType = text.plist.xml; path = Info.plist; sourceTree = "<group>"; };
		6CC65C5C1991E7B6002DACD8 /* AppDelegate.swift */ = {isa = PBXFileReference; lastKnownFileType = sourcecode.swift; path = AppDelegate.swift; sourceTree = "<group>"; };
		6CC65C5E1991E7B6002DACD8 /* ViewController.swift */ = {isa = PBXFileReference; lastKnownFileType = sourcecode.swift; path = ViewController.swift; sourceTree = "<group>"; };
		6CC65C611991E7B6002DACD8 /* Base */ = {isa = PBXFileReference; lastKnownFileType = file.storyboard; name = Base; path = Base.lproj/Main.storyboard; sourceTree = "<group>"; };
		6CC65C631991E7B6002DACD8 /* Images.xcassets */ = {isa = PBXFileReference; lastKnownFileType = folder.assetcatalog; path = Images.xcassets; sourceTree = "<group>"; };
		6CC65C691991E7B6002DACD8 /* assignment_01Tests.xctest */ = {isa = PBXFileReference; explicitFileType = wrapper.cfbundle; includeInIndex = 0; path = assignment_01Tests.xctest; sourceTree = BUILT_PRODUCTS_DIR; };
		6CC65C6E1991E7B6002DACD8 /* Info.plist */ = {isa = PBXFileReference; lastKnownFileType = text.plist.xml; path = Info.plist; sourceTree = "<group>"; };
		6CC65C6F1991E7B6002DACD8 /* assignment_01Tests.swift */ = {isa = PBXFileReference; lastKnownFileType = sourcecode.swift; path = assignment_01Tests.swift; sourceTree = "<group>"; };
		6CC65C791991F418002DACD8 /* OtherViewController.swift */ = {isa = PBXFileReference; fileEncoding = 4; lastKnownFileType = sourcecode.swift; path = OtherViewController.swift; sourceTree = "<group>"; };
/* End PBXFileReference section */

/* Begin PBXFrameworksBuildPhase section */
		6CC65C541991E7B6002DACD8 /* Frameworks */ = {
			isa = PBXFrameworksBuildPhase;
			buildActionMask = 2147483647;
			files = (
			);
			runOnlyForDeploymentPostprocessing = 0;
		};
		6CC65C661991E7B6002DACD8 /* Frameworks */ = {
			isa = PBXFrameworksBuildPhase;
			buildActionMask = 2147483647;
			files = (
			);
			runOnlyForDeploymentPostprocessing = 0;
		};
/* End PBXFrameworksBuildPhase section */

/* Begin PBXGroup section */
		6CC65C4E1991E7B6002DACD8 = {
			isa = PBXGroup;
			children = (
				6CC65C591991E7B6002DACD8 /* assignment_01 */,
				6CC65C6C1991E7B6002DACD8 /* assignment_01Tests */,
				6CC65C581991E7B6002DACD8 /* Products */,
			);
			sourceTree = "<group>";
		};
		6CC65C581991E7B6002DACD8 /* Products */ = {
			isa = PBXGroup;
			children = (
				6CC65C571991E7B6002DACD8 /* assignment_01.app */,
				6CC65C691991E7B6002DACD8 /* assignment_01Tests.xctest */,
			);
			name = Products;
			sourceTree = "<group>";
		};
		6CC65C591991E7B6002DACD8 /* assignment_01 */ = {
			isa = PBXGroup;
			children = (
				6CC65C5C1991E7B6002DACD8 /* AppDelegate.swift */,
				6CC65C5E1991E7B6002DACD8 /* ViewController.swift */,
				6CC65C791991F418002DACD8 /* OtherViewController.swift */,
				6CC65C601991E7B6002DACD8 /* Main.storyboard */,
				6CC65C631991E7B6002DACD8 /* Images.xcassets */,
				6CC65C5A1991E7B6002DACD8 /* Supporting Files */,
			);
			path = assignment_01;
			sourceTree = "<group>";
		};
		6CC65C5A1991E7B6002DACD8 /* Supporting Files */ = {
			isa = PBXGroup;
			children = (
				6CC65C5B1991E7B6002DACD8 /* Info.plist */,
			);
			name = "Supporting Files";
			sourceTree = "<group>";
		};
		6CC65C6C1991E7B6002DACD8 /* assignment_01Tests */ = {
			isa = PBXGroup;
			children = (
				6CC65C6F1991E7B6002DACD8 /* assignment_01Tests.swift */,
				6CC65C6D1991E7B6002DACD8 /* Supporting Files */,
			);
			path = assignment_01Tests;
			sourceTree = "<group>";
		};
		6CC65C6D1991E7B6002DACD8 /* Supporting Files */ = {
			isa = PBXGroup;
			children = (
				6CC65C6E1991E7B6002DACD8 /* Info.plist */,
			);
			name = "Supporting Files";
			sourceTree = "<group>";
		};
/* End PBXGroup section */

/* Begin PBXNativeTarget section */
		6CC65C561991E7B6002DACD8 /* assignment_01 */ = {
			isa = PBXNativeTarget;
			buildConfigurationList = 6CC65C731991E7B6002DACD8 /* Build configuration list for PBXNativeTarget "assignment_01" */;
			buildPhases = (
				6CC65C531991E7B6002DACD8 /* Sources */,
				6CC65C541991E7B6002DACD8 /* Frameworks */,
				6CC65C551991E7B6002DACD8 /* Resources */,
			);
			buildRules = (
			);
			dependencies = (
			);
			name = assignment_01;
			productName = assignment_01;
			productReference = 6CC65C571991E7B6002DACD8 /* assignment_01.app */;
			productType = "com.apple.product-type.application";
		};
		6CC65C681991E7B6002DACD8 /* assignment_01Tests */ = {
			isa = PBXNativeTarget;
			buildConfigurationList = 6CC65C761991E7B6002DACD8 /* Build configuration list for PBXNativeTarget "assignment_01Tests" */;
			buildPhases = (
				6CC65C651991E7B6002DACD8 /* Sources */,
				6CC65C661991E7B6002DACD8 /* Frameworks */,
				6CC65C671991E7B6002DACD8 /* Resources */,
			);
			buildRules = (
			);
			dependencies = (
				6CC65C6B1991E7B6002DACD8 /* PBXTargetDependency */,
			);
			name = assignment_01Tests;
			productName = assignment_01Tests;
			productReference = 6CC65C691991E7B6002DACD8 /* assignment_01Tests.xctest */;
			productType = "com.apple.product-type.bundle.unit-test";
		};
/* End PBXNativeTarget section */

/* Begin PBXProject section */
		6CC65C4F1991E7B6002DACD8 /* Project object */ = {
			isa = PBXProject;
			attributes = {
				LastUpgradeCheck = 0600;
				ORGANIZATIONNAME = Zack_Walkingstick;
				TargetAttributes = {
					6CC65C561991E7B6002DACD8 = {
						CreatedOnToolsVersion = 6.0;
					};
					6CC65C681991E7B6002DACD8 = {
						CreatedOnToolsVersion = 6.0;
						TestTargetID = 6CC65C561991E7B6002DACD8;
					};
				};
			};
			buildConfigurationList = 6CC65C521991E7B6002DACD8 /* Build configuration list for PBXProject "assignment_01" */;
			compatibilityVersion = "Xcode 3.2";
			developmentRegion = English;
			hasScannedForEncodings = 0;
			knownRegions = (
				en,
				Base,
			);
			mainGroup = 6CC65C4E1991E7B6002DACD8;
			productRefGroup = 6CC65C581991E7B6002DACD8 /* Products */;
			projectDirPath = "";
			projectRoot = "";
			targets = (
				6CC65C561991E7B6002DACD8 /* assignment_01 */,
				6CC65C681991E7B6002DACD8 /* assignment_01Tests */,
			);
		};
/* End PBXProject section */

/* Begin PBXResourcesBuildPhase section */
		6CC65C551991E7B6002DACD8 /* Resources */ = {
			isa = PBXResourcesBuildPhase;
			buildActionMask = 2147483647;
			files = (
				6CC65C621991E7B6002DACD8 /* Main.storyboard in Resources */,
				6CC65C641991E7B6002DACD8 /* Images.xcassets in Resources */,
			);
			runOnlyForDeploymentPostprocessing = 0;
		};
		6CC65C671991E7B6002DACD8 /* Resources */ = {
			isa = PBXResourcesBuildPhase;
			buildActionMask = 2147483647;
			files = (
			);
			runOnlyForDeploymentPostprocessing = 0;
		};
/* End PBXResourcesBuildPhase section */

/* Begin PBXSourcesBuildPhase section */
		6CC65C531991E7B6002DACD8 /* Sources */ = {
			isa = PBXSourcesBuildPhase;
			buildActionMask = 2147483647;
			files = (
				6CC65C5F1991E7B6002DACD8 /* ViewController.swift in Sources */,
				6CC65C7A1991F418002DACD8 /* OtherViewController.swift in Sources */,
				6CC65C5D1991E7B6002DACD8 /* AppDelegate.swift in Sources */,
			);
			runOnlyForDeploymentPostprocessing = 0;
		};
		6CC65C651991E7B6002DACD8 /* Sources */ = {
			isa = PBXSourcesBuildPhase;
			buildActionMask = 2147483647;
			files = (
				6CC65C701991E7B6002DACD8 /* assignment_01Tests.swift in Sources */,
			);
			runOnlyForDeploymentPostprocessing = 0;
		};
/* End PBXSourcesBuildPhase section */

/* Begin PBXTargetDependency section */
		6CC65C6B1991E7B6002DACD8 /* PBXTargetDependency */ = {
			isa = PBXTargetDependency;
			target = 6CC65C561991E7B6002DACD8 /* assignment_01 */;
			targetProxy = 6CC65C6A1991E7B6002DACD8 /* PBXContainerItemProxy */;
		};
/* End PBXTargetDependency section */

/* Begin PBXVariantGroup section */
		6CC65C601991E7B6002DACD8 /* Main.storyboard */ = {
			isa = PBXVariantGroup;
			children = (
				6CC65C611991E7B6002DACD8 /* Base */,
			);
			name = Main.storyboard;
			sourceTree = "<group>";
		};
/* End PBXVariantGroup section */

/* Begin XCBuildConfiguration section */
		6CC65C711991E7B6002DACD8 /* Debug */ = {
			isa = XCBuildConfiguration;
			buildSettings = {
				ALWAYS_SEARCH_USER_PATHS = NO;
				CLANG_CXX_LANGUAGE_STANDARD = "gnu++0x";
				CLANG_CXX_LIBRARY = "libc++";
				CLANG_ENABLE_MODULES = YES;
				CLANG_ENABLE_OBJC_ARC = YES;
				CLANG_WARN_BOOL_CONVERSION = YES;
				CLANG_WARN_CONSTANT_CONVERSION = YES;
				CLANG_WARN_DIRECT_OBJC_ISA_USAGE = YES_ERROR;
				CLANG_WARN_EMPTY_BODY = YES;
				CLANG_WARN_ENUM_CONVERSION = YES;
				CLANG_WARN_INT_CONVERSION = YES;
				CLANG_WARN_OBJC_ROOT_CLASS = YES_ERROR;
				CLANG_WARN_UNREACHABLE_CODE = YES;
				CLANG_WARN__DUPLICATE_METHOD_MATCH = YES;
				"CODE_SIGN_IDENTITY[sdk=iphoneos*]" = "iPhone Developer";
				COPY_PHASE_STRIP = NO;
				ENABLE_STRICT_OBJC_MSGSEND = YES;
				GCC_C_LANGUAGE_STANDARD = gnu99;
				GCC_DYNAMIC_NO_PIC = NO;
				GCC_OPTIMIZATION_LEVEL = 0;
				GCC_PREPROCESSOR_DEFINITIONS = (
					"DEBUG=1",
					"$(inherited)",
				);
				GCC_SYMBOLS_PRIVATE_EXTERN = NO;
				GCC_WARN_64_TO_32_BIT_CONVERSION = YES;
				GCC_WARN_ABOUT_RETURN_TYPE = YES_ERROR;
				GCC_WARN_UNDECLARED_SELECTOR = YES;
				GCC_WARN_UNINITIALIZED_AUTOS = YES_AGGRESSIVE;
				GCC_WARN_UNUSED_FUNCTION = YES;
				GCC_WARN_UNUSED_VARIABLE = YES;
				IPHONEOS_DEPLOYMENT_TARGET = 8.0;
				MTL_ENABLE_DEBUG_INFO = YES;
				ONLY_ACTIVE_ARCH = YES;
				SDKROOT = iphoneos;
				SWIFT_OPTIMIZATION_LEVEL = "-Onone";
			};
			name = Debug;
		};
		6CC65C721991E7B6002DACD8 /* Release */ = {
			isa = XCBuildConfiguration;
			buildSettings = {
				ALWAYS_SEARCH_USER_PATHS = NO;
				CLANG_CXX_LANGUAGE_STANDARD = "gnu++0x";
				CLANG_CXX_LIBRARY = "libc++";
				CLANG_ENABLE_MODULES = YES;
				CLANG_ENABLE_OBJC_ARC = YES;
				CLANG_WARN_BOOL_CONVERSION = YES;
				CLANG_WARN_CONSTANT_CONVERSION = YES;
				CLANG_WARN_DIRECT_OBJC_ISA_USAGE = YES_ERROR;
				CLANG_WARN_EMPTY_BODY = YES;
				CLANG_WARN_ENUM_CONVERSION = YES;
				CLANG_WARN_INT_CONVERSION = YES;
				CLANG_WARN_OBJC_ROOT_CLASS = YES_ERROR;
				CLANG_WARN_UNREACHABLE_CODE = YES;
				CLANG_WARN__DUPLICATE_METHOD_MATCH = YES;
				"CODE_SIGN_IDENTITY[sdk=iphoneos*]" = "iPhone Developer";
				COPY_PHASE_STRIP = YES;
				ENABLE_NS_ASSERTIONS = NO;
				ENABLE_STRICT_OBJC_MSGSEND = YES;
				GCC_C_LANGUAGE_STANDARD = gnu99;
				GCC_WARN_64_TO_32_BIT_CONVERSION = YES;
				GCC_WARN_ABOUT_RETURN_TYPE = YES_ERROR;
				GCC_WARN_UNDECLARED_SELECTOR = YES;
				GCC_WARN_UNINITIALIZED_AUTOS = YES_AGGRESSIVE;
				GCC_WARN_UNUSED_FUNCTION = YES;
				GCC_WARN_UNUSED_VARIABLE = YES;
				IPHONEOS_DEPLOYMENT_TARGET = 8.0;
				MTL_ENABLE_DEBUG_INFO = NO;
				SDKROOT = iphoneos;
				VALIDATE_PRODUCT = YES;
			};
			name = Release;
		};
		6CC65C741991E7B6002DACD8 /* Debug */ = {
			isa = XCBuildConfiguration;
			buildSettings = {
				ASSETCATALOG_COMPILER_APPICON_NAME = AppIcon;
				ASSETCATALOG_COMPILER_LAUNCHIMAGE_NAME = LaunchImage;
				INFOPLIST_FILE = assignment_01/Info.plist;
				LD_RUNPATH_SEARCH_PATHS = "$(inherited) @executable_path/Frameworks";
				PRODUCT_NAME = "$(TARGET_NAME)";
			};
			name = Debug;
		};
		6CC65C751991E7B6002DACD8 /* Release */ = {
			isa = XCBuildConfiguration;
			buildSettings = {
				ASSETCATALOG_COMPILER_APPICON_NAME = AppIcon;
				ASSETCATALOG_COMPILER_LAUNCHIMAGE_NAME = LaunchImage;
				INFOPLIST_FILE = assignment_01/Info.plist;
				LD_RUNPATH_SEARCH_PATHS = "$(inherited) @executable_path/Frameworks";
				PRODUCT_NAME = "$(TARGET_NAME)";
			};
			name = Release;
		};
		6CC65C771991E7B6002DACD8 /* Debug */ = {
			isa = XCBuildConfiguration;
			buildSettings = {
				BUNDLE_LOADER = "$(TEST_HOST)";
				FRAMEWORK_SEARCH_PATHS = (
					"$(SDKROOT)/Developer/Library/Frameworks",
					"$(inherited)",
				);
				GCC_PREPROCESSOR_DEFINITIONS = (
					"DEBUG=1",
					"$(inherited)",
				);
				INFOPLIST_FILE = assignment_01Tests/Info.plist;
				LD_RUNPATH_SEARCH_PATHS = "$(inherited) @executable_path/Frameworks @loader_path/Frameworks";
				PRODUCT_NAME = "$(TARGET_NAME)";
				TEST_HOST = "$(BUILT_PRODUCTS_DIR)/assignment_01.app/assignment_01";
			};
			name = Debug;
		};
		6CC65C781991E7B6002DACD8 /* Release */ = {
			isa = XCBuildConfiguration;
			buildSettings = {
				BUNDLE_LOADER = "$(TEST_HOST)";
				FRAMEWORK_SEARCH_PATHS = (
					"$(SDKROOT)/Developer/Library/Frameworks",
					"$(inherited)",
				);
				INFOPLIST_FILE = assignment_01Tests/Info.plist;
				LD_RUNPATH_SEARCH_PATHS = "$(inherited) @executable_path/Frameworks @loader_path/Frameworks";
				PRODUCT_NAME = "$(TARGET_NAME)";
				TEST_HOST = "$(BUILT_PRODUCTS_DIR)/assignment_01.app/assignment_01";
			};
			name = Release;
		};
/* End XCBuildConfiguration section */

/* Begin XCConfigurationList section */
		6CC65C521991E7B6002DACD8 /* Build configuration list for PBXProject "assignment_01" */ = {
			isa = XCConfigurationList;
			buildConfigurations = (
				6CC65C711991E7B6002DACD8 /* Debug */,
				6CC65C721991E7B6002DACD8 /* Release */,
			);
			defaultConfigurationIsVisible = 0;
			defaultConfigurationName = Release;
		};
		6CC65C731991E7B6002DACD8 /* Build configuration list for PBXNativeTarget "assignment_01" */ = {
			isa = XCConfigurationList;
			buildConfigurations = (
				6CC65C741991E7B6002DACD8 /* Debug */,
				6CC65C751991E7B6002DACD8 /* Release */,
			);
			defaultConfigurationIsVisible = 0;
		};
		6CC65C761991E7B6002DACD8 /* Build configuration list for PBXNativeTarget "assignment_01Tests" */ = {
			isa = XCConfigurationList;
			buildConfigurations = (
				6CC65C771991E7B6002DACD8 /* Debug */,
				6CC65C781991E7B6002DACD8 /* Release */,
			);
			defaultConfigurationIsVisible = 0;
		};
/* End XCConfigurationList section */
	};
	rootObject = 6CC65C4F1991E7B6002DACD8 /* Project object */;
}
